
Microsoft Visual Studio Solution File, Format Version 12.00
# Visual Studio Version 16
VisualStudioVersion = 16.0.30413.136
MinimumVisualStudioVersion = 10.0.40219.1
Project("{FAE04EC0-301F-11D3-BF4B-00C04F79EFBC}") = "Elemendide_App.Android", "Elemendide_App.Android\Elemendide_App.Android.csproj", "{0A35AE44-C32E-4BC5-8284-D119922871E2}"
EndProject
Project("{FAE04EC0-301F-11D3-BF4B-00C04F79EFBC}") = "Elemendide_App", "Elemendide_App\Elemendide_App.csproj", "{7C9D8C2A-86BD-4D5F-BE2A-2E4F40E5B85F}"
EndProject
Global
	GlobalSection(SolutionConfigurationPlatforms) = preSolution
		Debug|Any CPU = Debug|Any CPU
		Release|Any CPU = Release|Any CPU
	EndGlobalSection
	GlobalSection(ProjectConfigurationPlatforms) = postSolution
		{0A35AE44-C32E-4BC5-8284-D119922871E2}.Debug|Any CPU.ActiveCfg = Debug|Any CPU
		{0A35AE44-C32E-4BC5-8284-D119922871E2}.Debug|Any CPU.Build.0 = Debug|Any CPU
		{0A35AE44-C32E-4BC5-8284-D119922871E2}.Debug|Any CPU.Deploy.0 = Debug|Any CPU
		{0A35AE44-C32E-4BC5-8284-D119922871E2}.Release|Any CPU.ActiveCfg = Release|Any CPU
		{0A35AE44-C32E-4BC5-8284-D119922871E2}.Release|Any CPU.Build.0 = Release|Any CPU
		{0A35AE44-C32E-4BC5-8284-D119922871E2}.Release|Any CPU.Deploy.0 = Release|Any CPU
		{7C9D8C2A-86BD-4D5F-BE2A-2E4F40E5B85F}.Debug|Any CPU.ActiveCfg = Debug|Any CPU
		{7C9D8C2A-86BD-4D5F-BE2A-2E4F40E5B85F}.Debug|Any CPU.Build.0 = Debug|Any CPU
		{7C9D8C2A-86BD-4D5F-BE2A-2E4F40E5B85F}.Debug|Any CPU.Deploy.0 = Debug|Any CPU
		{7C9D8C2A-86BD-4D5F-BE2A-2E4F40E5B85F}.Release|Any CPU.ActiveCfg = Release|Any CPU
		{7C9D8C2A-86BD-4D5F-BE2A-2E4F40E5B85F}.Release|Any CPU.Build.0 = Release|Any CPU
		{7C9D8C2A-86BD-4D5F-BE2A-2E4F40E5B85F}.Release|Any CPU.Deploy.0 = Release|Any CPU
	EndGlobalSection
	GlobalSection(SolutionProperties) = preSolution
		HideSolutionNode = FALSE
	EndGlobalSection
	GlobalSection(ExtensibilityGlobals) = postSolution
		SolutionGuid = {84C684FA-B45C-4783-8AD2-B1D38F1544C0}
	EndGlobalSection
EndGlobal
